
Microsoft Visual Studio Solution File, Format Version 12.00
# Visual Studio Version 17
VisualStudioVersion = 17.0.32112.339
MinimumVisualStudioVersion = 10.0.40219.1
Project("{2150E333-8FDC-42A3-9474-1A3956D46DE8}") = "src", "src", "{D8687BB5-FEF2-493A-94F8-71F85FF11E0C}"
EndProject
Project("{2150E333-8FDC-42A3-9474-1A3956D46DE8}") = "corePackages", "corePackages", "{D2251A7C-64AB-4D0A-96B9-5DE72806B1B0}"
EndProject
Project("{2150E333-8FDC-42A3-9474-1A3956D46DE8}") = "rentACar", "rentACar", "{5106C8BF-425A-42CA-8FB0-4E785ECDE276}"
EndProject
Project("{2150E333-8FDC-42A3-9474-1A3956D46DE8}") = "tests", "tests", "{94EBFA57-BBA6-4AE9-A2B4-7B2974999C52}"
EndProject
Project("{9A19103F-16F7-4668-BE54-9A1E7A4F7556}") = "Domain", "src\rentACar\Domain\Domain.csproj", "{5518AE3F-0695-4866-8753-900A5C36E4FE}"
EndProject
Project("{9A19103F-16F7-4668-BE54-9A1E7A4F7556}") = "Application", "src\rentACar\Application\Application.csproj", "{F1ECE036-1787-47D5-8F80-589F89919EF7}"
EndProject
Project("{9A19103F-16F7-4668-BE54-9A1E7A4F7556}") = "WebAPI", "src\rentACar\WebAPI\WebAPI.csproj", "{6198F9A4-2B26-4D3C-9506-9D3F5BDCF83E}"
EndProject
Project("{9A19103F-16F7-4668-BE54-9A1E7A4F7556}") = "Persistence", "src\rentACar\Persistence\Persistence.csproj", "{31A539D2-76D7-4CB5-9628-45F329252237}"
EndProject
Project("{FAE04EC0-301F-11D3-BF4B-00C04F79EFBC}") = "Core.CrossCuttingConcerns", "src\corePackages\Core.CrossCuttingConcerns\Core.CrossCuttingConcerns.csproj", "{BC6669E4-9382-4E6B-AC7E-531ED0346C1B}"
EndProject
Project("{FAE04EC0-301F-11D3-BF4B-00C04F79EFBC}") = "Core.Persistence", "src\corePackages\Core.Persistence\Core.Persistence.csproj", "{5F142947-2D05-4E76-80E6-27633FD4D230}"
EndProject
Global
	GlobalSection(SolutionConfigurationPlatforms) = preSolution
		Debug|Any CPU = Debug|Any CPU
		Release|Any CPU = Release|Any CPU
	EndGlobalSection
	GlobalSection(ProjectConfigurationPlatforms) = postSolution
		{5518AE3F-0695-4866-8753-900A5C36E4FE}.Debug|Any CPU.ActiveCfg = Debug|Any CPU
		{5518AE3F-0695-4866-8753-900A5C36E4FE}.Debug|Any CPU.Build.0 = Debug|Any CPU
		{5518AE3F-0695-4866-8753-900A5C36E4FE}.Release|Any CPU.ActiveCfg = Release|Any CPU
		{5518AE3F-0695-4866-8753-900A5C36E4FE}.Release|Any CPU.Build.0 = Release|Any CPU
		{F1ECE036-1787-47D5-8F80-589F89919EF7}.Debug|Any CPU.ActiveCfg = Debug|Any CPU
		{F1ECE036-1787-47D5-8F80-589F89919EF7}.Debug|Any CPU.Build.0 = Debug|Any CPU
		{F1ECE036-1787-47D5-8F80-589F89919EF7}.Release|Any CPU.ActiveCfg = Release|Any CPU
		{F1ECE036-1787-47D5-8F80-589F89919EF7}.Release|Any CPU.Build.0 = Release|Any CPU
		{6198F9A4-2B26-4D3C-9506-9D3F5BDCF83E}.Debug|Any CPU.ActiveCfg = Debug|Any CPU
		{6198F9A4-2B26-4D3C-9506-9D3F5BDCF83E}.Debug|Any CPU.Build.0 = Debug|Any CPU
		{6198F9A4-2B26-4D3C-9506-9D3F5BDCF83E}.Release|Any CPU.ActiveCfg = Release|Any CPU
		{6198F9A4-2B26-4D3C-9506-9D3F5BDCF83E}.Release|Any CPU.Build.0 = Release|Any CPU
		{31A539D2-76D7-4CB5-9628-45F329252237}.Debug|Any CPU.ActiveCfg = Debug|Any CPU
		{31A539D2-76D7-4CB5-9628-45F329252237}.Debug|Any CPU.Build.0 = Debug|Any CPU
		{31A539D2-76D7-4CB5-9628-45F329252237}.Release|Any CPU.ActiveCfg = Release|Any CPU
		{31A539D2-76D7-4CB5-9628-45F329252237}.Release|Any CPU.Build.0 = Release|Any CPU
		{BC6669E4-9382-4E6B-AC7E-531ED0346C1B}.Debug|Any CPU.ActiveCfg = Debug|Any CPU
		{BC6669E4-9382-4E6B-AC7E-531ED0346C1B}.Debug|Any CPU.Build.0 = Debug|Any CPU
		{BC6669E4-9382-4E6B-AC7E-531ED0346C1B}.Release|Any CPU.ActiveCfg = Release|Any CPU
		{BC6669E4-9382-4E6B-AC7E-531ED0346C1B}.Release|Any CPU.Build.0 = Release|Any CPU
		{5F142947-2D05-4E76-80E6-27633FD4D230}.Debug|Any CPU.ActiveCfg = Debug|Any CPU
		{5F142947-2D05-4E76-80E6-27633FD4D230}.Debug|Any CPU.Build.0 = Debug|Any CPU
		{5F142947-2D05-4E76-80E6-27633FD4D230}.Release|Any CPU.ActiveCfg = Release|Any CPU
		{5F142947-2D05-4E76-80E6-27633FD4D230}.Release|Any CPU.Build.0 = Release|Any CPU
	EndGlobalSection
	GlobalSection(SolutionProperties) = preSolution
		HideSolutionNode = FALSE
	EndGlobalSection
	GlobalSection(NestedProjects) = preSolution
		{D2251A7C-64AB-4D0A-96B9-5DE72806B1B0} = {D8687BB5-FEF2-493A-94F8-71F85FF11E0C}
		{5106C8BF-425A-42CA-8FB0-4E785ECDE276} = {D8687BB5-FEF2-493A-94F8-71F85FF11E0C}
		{5518AE3F-0695-4866-8753-900A5C36E4FE} = {5106C8BF-425A-42CA-8FB0-4E785ECDE276}
		{F1ECE036-1787-47D5-8F80-589F89919EF7} = {5106C8BF-425A-42CA-8FB0-4E785ECDE276}
		{6198F9A4-2B26-4D3C-9506-9D3F5BDCF83E} = {5106C8BF-425A-42CA-8FB0-4E785ECDE276}
		{31A539D2-76D7-4CB5-9628-45F329252237} = {5106C8BF-425A-42CA-8FB0-4E785ECDE276}
		{BC6669E4-9382-4E6B-AC7E-531ED0346C1B} = {D2251A7C-64AB-4D0A-96B9-5DE72806B1B0}
		{5F142947-2D05-4E76-80E6-27633FD4D230} = {D2251A7C-64AB-4D0A-96B9-5DE72806B1B0}
	EndGlobalSection
	GlobalSection(ExtensibilityGlobals) = postSolution
		SolutionGuid = {B7D293AF-CBD6-4A84-B50D-5F055147A8EA}
	EndGlobalSection
EndGlobal
